
Microsoft Visual Studio Solution File, Format Version 11.00
# Visual Studio 2010
Project("{8BC9CEB8-8B4A-11D0-8D11-00A0C91BC942}") = "ProvPerf_VS100", "ProvPerf_VS100.vcxproj", "{51DC30A5-55F0-D1C9-A724-1F868AF9F519}"
	ProjectSection(ProjectDependencies) = postProject
		{594B4BD0-4B28-03A0-5B66-3313B2E2E60C} = {594B4BD0-4B28-03A0-5B66-3313B2E2E60C}
	EndProjectSection
EndProject
Project("{8BC9CEB8-8B4A-11D0-8D11-00A0C91BC942}") = "Libxml2_VS100", "..\..\..\Utils\Libxml2\Libxml2_VS100.vcxproj", "{594B4BD0-4B28-03A0-5B66-3313B2E2E60C}"
EndProject
Global
	GlobalSection(SolutionConfigurationPlatforms) = preSolution
		Debug MDd|x64 = Debug MDd|x64
		Debug Shared MDd|x64 = Debug Shared MDd|x64
		Release MD Assert|x64 = Release MD Assert|x64
		Release MD|x64 = Release MD|x64
		Release Shared MD Assert|x64 = Release Shared MD Assert|x64
		Release Shared MD|x64 = Release Shared MD|x64
	EndGlobalSection
	GlobalSection(ProjectConfigurationPlatforms) = postSolution
		{51DC30A5-55F0-D1C9-A724-1F868AF9F519}.Debug MDd|x64.ActiveCfg = Debug MDd|x64
		{51DC30A5-55F0-D1C9-A724-1F868AF9F519}.Debug MDd|x64.Build.0 = Debug MDd|x64
		{51DC30A5-55F0-D1C9-A724-1F868AF9F519}.Debug Shared MDd|x64.ActiveCfg = Debug Shared MDd|x64
		{51DC30A5-55F0-D1C9-A724-1F868AF9F519}.Debug Shared MDd|x64.Build.0 = Debug Shared MDd|x64
		{51DC30A5-55F0-D1C9-A724-1F868AF9F519}.Release MD Assert|x64.ActiveCfg = Release MD Assert|x64
		{51DC30A5-55F0-D1C9-A724-1F868AF9F519}.Release MD Assert|x64.Build.0 = Release MD Assert|x64
		{51DC30A5-55F0-D1C9-A724-1F868AF9F519}.Release MD|x64.ActiveCfg = Release MD|x64
		{51DC30A5-55F0-D1C9-A724-1F868AF9F519}.Release MD|x64.Build.0 = Release MD|x64
		{51DC30A5-55F0-D1C9-A724-1F868AF9F519}.Release Shared MD Assert|x64.ActiveCfg = Release Shared MD Assert|x64
		{51DC30A5-55F0-D1C9-A724-1F868AF9F519}.Release Shared MD Assert|x64.Build.0 = Release Shared MD Assert|x64
		{51DC30A5-55F0-D1C9-A724-1F868AF9F519}.Release Shared MD|x64.ActiveCfg = Release Shared MD|x64
		{51DC30A5-55F0-D1C9-A724-1F868AF9F519}.Release Shared MD|x64.Build.0 = Release Shared MD|x64
		{594B4BD0-4B28-03A0-5B66-3313B2E2E60C}.Debug MDd|x64.ActiveCfg = Debug MDd|x64
		{594B4BD0-4B28-03A0-5B66-3313B2E2E60C}.Debug MDd|x64.Build.0 = Debug MDd|x64
		{594B4BD0-4B28-03A0-5B66-3313B2E2E60C}.Debug Shared MDd|x64.ActiveCfg = Debug MDd|x64
		{594B4BD0-4B28-03A0-5B66-3313B2E2E60C}.Debug Shared MDd|x64.Build.0 = Debug MDd|x64
		{594B4BD0-4B28-03A0-5B66-3313B2E2E60C}.Release MD Assert|x64.ActiveCfg = Release MD Assert|x64
		{594B4BD0-4B28-03A0-5B66-3313B2E2E60C}.Release MD Assert|x64.Build.0 = Release MD Assert|x64
		{594B4BD0-4B28-03A0-5B66-3313B2E2E60C}.Release MD|x64.ActiveCfg = Release MD|x64
		{594B4BD0-4B28-03A0-5B66-3313B2E2E60C}.Release MD|x64.Build.0 = Release MD|x64
		{594B4BD0-4B28-03A0-5B66-3313B2E2E60C}.Release Shared MD Assert|x64.ActiveCfg = Release MD Assert|x64
		{594B4BD0-4B28-03A0-5B66-3313B2E2E60C}.Release Shared MD Assert|x64.Build.0 = Release MD Assert|x64
		{594B4BD0-4B28-03A0-5B66-3313B2E2E60C}.Release Shared MD|x64.ActiveCfg = Release MD Assert|x64
		{594B4BD0-4B28-03A0-5B66-3313B2E2E60C}.Release Shared MD|x64.Build.0 = Release MD Assert|x64
	EndGlobalSection
	GlobalSection(SolutionProperties) = preSolution
		HideSolutionNode = FALSE
	EndGlobalSection
EndGlobal
