<?xml version="1.0" encoding="utf-8"?>
<Project ToolsVersion="4.0" xmlns="http://schemas.microsoft.com/developer/msbuild/2003">
  <ItemGroup>
    <Filter Include="Source Files">
      <UniqueIdentifier>{884FACA8-F7D0-4BC0-8DDE-F0A78C983688}</UniqueIdentifier>
      <Extensions>cpp;c;cxx;def;odl;idl;hpj;bat;asm;asmx</Extensions>
    </Filter>
    <Filter Include="Header Files">
      <UniqueIdentifier>{B22D8F18-D421-4B39-AEA6-756BE8904CF6}</UniqueIdentifier>
      <Extensions>h;hpp;hxx;hm;inl;inc;xsd</Extensions>
    </Filter>
    <Filter Include="Resource Files">
      <UniqueIdentifier>{65B1F3E3-15F8-470B-A417-CBFF615DDC96}</UniqueIdentifier>
      <Extensions>rc;ico;cur;bmp;dlg;rc2;rct;bin;rgs;gif;jpg;jpeg;jpe;resx</Extensions>
    </Filter>
  </ItemGroup>
	<ItemGroup>
		<ClCompile Include="rsslVAQueueCons.c">
			<Filter>Source Files</Filter>
		</ClCompile>
		<ClCompile Include="rsslLoginConsumer.c">
			<Filter>Source Files</Filter>
		</ClCompile>
		<ClCompile Include="QConsSimpleDirectoryHandler.c">
			<Filter>Source Files</Filter>
		</ClCompile>
		<ClCompile Include="QConsSimpleQueueMsgHandler.c">
			<Filter>Source Files</Filter>
		</ClCompile>
	</ItemGroup>

	<ItemGroup>
		<ClInclude Include="rsslVAQueueCons.h">
			<Filter>Header Files</Filter>
		</ClInclude>
		<ClInclude Include="rsslLoginConsumer.h">
			<Filter>Header Files</Filter>
		</ClInclude>
		<ClInclude Include="QConsSimpleDirectoryHandler.h">
			<Filter>Header Files</Filter>
		</ClInclude>
		<ClInclude Include="QConsSimpleQueueMsgHandler.h">
			<Filter>Header Files</Filter>
		</ClInclude>
		<ClInclude Include="QConsChannelStorage.h">
			<Filter>Header Files</Filter>
		</ClInclude>
	</ItemGroup>

	<ItemGroup>
	</ItemGroup>

  <ItemGroup>
    <None Include="readme" />
  </ItemGroup>
</Project>
