<?xml version="1.0" encoding="utf-8"?>
<Project ToolsVersion="4.0" xmlns="http://schemas.microsoft.com/developer/msbuild/2003">
  <ItemGroup>
    <Filter Include="Source Files">
      <UniqueIdentifier>{0315C552-45CB-4B01-AC5B-28564680D081}</UniqueIdentifier>
      <Extensions>cpp;c;cxx;def;odl;idl;hpj;bat;asm;asmx</Extensions>
    </Filter>
    <Filter Include="Header Files">
      <UniqueIdentifier>{F0C39BD8-B972-40FB-897F-4CE253E02411}</UniqueIdentifier>
      <Extensions>h;hpp;hxx;hm;inl;inc;xsd</Extensions>
    </Filter>
    <Filter Include="Resource Files">
      <UniqueIdentifier>{FFB5AB9F-A3DE-48ED-9213-02D11574C8D4}</UniqueIdentifier>
      <Extensions>rc;ico;cur;bmp;dlg;rc2;rct;bin;rgs;gif;jpg;jpeg;jpe;resx</Extensions>
    </Filter>
  </ItemGroup>
	<ItemGroup>
		<ClCompile Include="UPAProvider_Training.c">
			<Filter>Source Files</Filter>
		</ClCompile>
	</ItemGroup>

	<ItemGroup>
		<ClInclude Include="UPAProvider_Training.h">
			<Filter>Header Files</Filter>
		</ClInclude>
	</ItemGroup>

	<ItemGroup>
	</ItemGroup>

  <ItemGroup>
    <None Include="readme" />
  </ItemGroup>
</Project>
