<?xml version="1.0" encoding="utf-8"?>
<Project ToolsVersion="4.0" xmlns="http://schemas.microsoft.com/developer/msbuild/2003">
  <ItemGroup>
    <Filter Include="Source Files">
      <UniqueIdentifier>{51B828AB-7132-4765-9767-7A51C0D6205E}</UniqueIdentifier>
      <Extensions>cpp;c;cxx;def;odl;idl;hpj;bat;asm;asmx</Extensions>
    </Filter>
    <Filter Include="Header Files">
      <UniqueIdentifier>{5073C227-7879-4B7A-A9D4-A42AA635AC52}</UniqueIdentifier>
      <Extensions>h;hpp;hxx;hm;inl;inc;xsd</Extensions>
    </Filter>
    <Filter Include="Resource Files">
      <UniqueIdentifier>{DAA39144-D27A-4D56-B6EE-AEFFBF7DB49B}</UniqueIdentifier>
      <Extensions>rc;ico;cur;bmp;dlg;rc2;rct;bin;rgs;gif;jpg;jpeg;jpe;resx</Extensions>
    </Filter>
  </ItemGroup>
	<ItemGroup>
		<ClCompile Include="rsslRDMDictionaryMsg.c">
			<Filter>Source Files</Filter>
		</ClCompile>
		<ClCompile Include="rsslRDMDirectoryMsg.c">
			<Filter>Source Files</Filter>
		</ClCompile>
		<ClCompile Include="rsslRDMLoginMsg.c">
			<Filter>Source Files</Filter>
		</ClCompile>
		<ClCompile Include="rsslRDMQueueMsg.c">
			<Filter>Source Files</Filter>
		</ClCompile>
	</ItemGroup>

	<ItemGroup>
		<ClInclude Include="..\..\Include\RDM\rtr\rsslRDMMsgBase.h">
			<Filter>Header Files</Filter>
		</ClInclude>
		<ClInclude Include="..\..\Include\RDM\rtr\rsslRDMMsg.h">
			<Filter>Header Files</Filter>
		</ClInclude>
		<ClInclude Include="..\..\Include\RDM\rtr\rsslRDMDictionaryMsg.h">
			<Filter>Header Files</Filter>
		</ClInclude>
		<ClInclude Include="..\..\Include\RDM\rtr\rsslRDMDirectoryMsg.h">
			<Filter>Header Files</Filter>
		</ClInclude>
		<ClInclude Include="..\..\Include\RDM\rtr\rsslRDMLoginMsg.h">
			<Filter>Header Files</Filter>
		</ClInclude>
		<ClInclude Include="..\..\Include\RDM\rtr\rsslRDMQueueMsg.h">
			<Filter>Header Files</Filter>
		</ClInclude>
	</ItemGroup>

	<ItemGroup>
	</ItemGroup>

  <ItemGroup>
    <None Include="readme" />
  </ItemGroup>
</Project>
