<?xml version="1.0" encoding="utf-8"?>
<Project ToolsVersion="4.0" xmlns="http://schemas.microsoft.com/developer/msbuild/2003">
  <ItemGroup>
    <Filter Include="Source Files">
      <UniqueIdentifier>{BBE69E05-8400-488C-9280-BDB3ECA28163}</UniqueIdentifier>
      <Extensions>cpp;c;cxx;def;odl;idl;hpj;bat;asm;asmx</Extensions>
    </Filter>
    <Filter Include="Header Files">
      <UniqueIdentifier>{0CD001AF-D588-4A8B-A52F-30B7FE077CD6}</UniqueIdentifier>
      <Extensions>h;hpp;hxx;hm;inl;inc;xsd</Extensions>
    </Filter>
    <Filter Include="Resource Files">
      <UniqueIdentifier>{159D4710-1CE5-4FDD-96FE-DB415D91104D}</UniqueIdentifier>
      <Extensions>rc;ico;cur;bmp;dlg;rc2;rct;bin;rgs;gif;jpg;jpeg;jpe;resx</Extensions>
    </Filter>
  </ItemGroup>
	<ItemGroup>
		<ClCompile Include="UPAConsumer_Training.c">
			<Filter>Source Files</Filter>
		</ClCompile>
	</ItemGroup>

	<ItemGroup>
		<ClInclude Include="UPAConsumer_Training.h">
			<Filter>Header Files</Filter>
		</ClInclude>
	</ItemGroup>

	<ItemGroup>
	</ItemGroup>

  <ItemGroup>
    <None Include="readme" />
  </ItemGroup>
</Project>
