<?xml version="1.0" encoding="utf-8"?>
<Project ToolsVersion="4.0" xmlns="http://schemas.microsoft.com/developer/msbuild/2003">
  <ItemGroup>
    <Filter Include="Source Files">
      <UniqueIdentifier>{14E8D53B-AC93-41F9-959C-772EF84DA166}</UniqueIdentifier>
      <Extensions>cpp;c;cxx;def;odl;idl;hpj;bat;asm;asmx</Extensions>
    </Filter>
    <Filter Include="Header Files">
      <UniqueIdentifier>{26820B45-32B4-43E1-95C8-643978446BF3}</UniqueIdentifier>
      <Extensions>h;hpp;hxx;hm;inl;inc;xsd</Extensions>
    </Filter>
    <Filter Include="Resource Files">
      <UniqueIdentifier>{8B81A42B-2551-42C3-BFB7-6DDA89E5DF91}</UniqueIdentifier>
      <Extensions>rc;ico;cur;bmp;dlg;rc2;rct;bin;rgs;gif;jpg;jpeg;jpe;resx</Extensions>
    </Filter>
  </ItemGroup>
	<ItemGroup>
		<ClCompile Include="upacTransportPerf.c">
			<Filter>Source Files</Filter>
		</ClCompile>
		<ClCompile Include="transportPerfConfig.c">
			<Filter>Source Files</Filter>
		</ClCompile>
		<ClCompile Include="transportThreads.c">
			<Filter>Source Files</Filter>
		</ClCompile>
		<ClCompile Include="..\Common\channelHandler.c">
			<Filter>Source Files</Filter>
		</ClCompile>
		<ClCompile Include="..\Common\getTime.c">
			<Filter>Source Files</Filter>
		</ClCompile>
		<ClCompile Include="..\Common\latencyRandomArray.c">
			<Filter>Source Files</Filter>
		</ClCompile>
		<ClCompile Include="..\Common\statistics.c">
			<Filter>Source Files</Filter>
		</ClCompile>
	</ItemGroup>

	<ItemGroup>
		<ClInclude Include="upacTransportPerf.h">
			<Filter>Header Files</Filter>
		</ClInclude>
		<ClInclude Include="transportPerfConfig.h">
			<Filter>Header Files</Filter>
		</ClInclude>
		<ClInclude Include="transportThreads.h">
			<Filter>Header Files</Filter>
		</ClInclude>
		<ClInclude Include="..\Common\channelHandler.h">
			<Filter>Header Files</Filter>
		</ClInclude>
		<ClInclude Include="..\Common\getTime.h">
			<Filter>Header Files</Filter>
		</ClInclude>
		<ClInclude Include="..\Common\latencyRandomArray.h">
			<Filter>Header Files</Filter>
		</ClInclude>
		<ClInclude Include="..\Common\statistics.h">
			<Filter>Header Files</Filter>
		</ClInclude>
	</ItemGroup>

	<ItemGroup>
	</ItemGroup>

  <ItemGroup>
    <None Include="readme" />
  </ItemGroup>
</Project>
