<?xml version="1.0" encoding="utf-8"?>
<Project ToolsVersion="4.0" xmlns="http://schemas.microsoft.com/developer/msbuild/2003">
  <ItemGroup>
    <Filter Include="Source Files">
      <UniqueIdentifier>{702C85E0-4080-4125-B911-93C76687F6EF}</UniqueIdentifier>
      <Extensions>cpp;c;cxx;def;odl;idl;hpj;bat;asm;asmx</Extensions>
    </Filter>
    <Filter Include="Header Files">
      <UniqueIdentifier>{D6C12ADE-DE6A-4C8D-AECB-2F5BE00690D8}</UniqueIdentifier>
      <Extensions>h;hpp;hxx;hm;inl;inc;xsd</Extensions>
    </Filter>
    <Filter Include="Resource Files">
      <UniqueIdentifier>{4946C1EB-3F2B-42AE-B909-3A99449AF985}</UniqueIdentifier>
      <Extensions>rc;ico;cur;bmp;dlg;rc2;rct;bin;rgs;gif;jpg;jpeg;jpe;resx</Extensions>
    </Filter>
  </ItemGroup>
	<ItemGroup>
		<ClCompile Include="rsslRDMDictionaryMsg.c">
			<Filter>Source Files</Filter>
		</ClCompile>
		<ClCompile Include="rsslRDMDirectoryMsg.c">
			<Filter>Source Files</Filter>
		</ClCompile>
		<ClCompile Include="rsslRDMLoginMsg.c">
			<Filter>Source Files</Filter>
		</ClCompile>
		<ClCompile Include="rsslRDMQueueMsg.c">
			<Filter>Source Files</Filter>
		</ClCompile>
	</ItemGroup>

	<ItemGroup>
		<ClInclude Include="..\..\Include\RDM\rtr\rsslRDMMsgBase.h">
			<Filter>Header Files</Filter>
		</ClInclude>
		<ClInclude Include="..\..\Include\RDM\rtr\rsslRDMMsg.h">
			<Filter>Header Files</Filter>
		</ClInclude>
		<ClInclude Include="..\..\Include\RDM\rtr\rsslRDMDictionaryMsg.h">
			<Filter>Header Files</Filter>
		</ClInclude>
		<ClInclude Include="..\..\Include\RDM\rtr\rsslRDMDirectoryMsg.h">
			<Filter>Header Files</Filter>
		</ClInclude>
		<ClInclude Include="..\..\Include\RDM\rtr\rsslRDMLoginMsg.h">
			<Filter>Header Files</Filter>
		</ClInclude>
		<ClInclude Include="..\..\Include\RDM\rtr\rsslRDMQueueMsg.h">
			<Filter>Header Files</Filter>
		</ClInclude>
	</ItemGroup>

	<ItemGroup>
	</ItemGroup>

  <ItemGroup>
    <None Include="readme" />
  </ItemGroup>
</Project>
