<?xml version="1.0" encoding="utf-8"?>
<Project ToolsVersion="4.0" xmlns="http://schemas.microsoft.com/developer/msbuild/2003">
  <ItemGroup>
    <Filter Include="Source Files">
      <UniqueIdentifier>{D1D73FFA-0A3A-40AD-AD4B-923AE906687B}</UniqueIdentifier>
      <Extensions>cpp;c;cxx;def;odl;idl;hpj;bat;asm;asmx</Extensions>
    </Filter>
    <Filter Include="Header Files">
      <UniqueIdentifier>{5DC411CD-A367-4438-870E-5104C7342216}</UniqueIdentifier>
      <Extensions>h;hpp;hxx;hm;inl;inc;xsd</Extensions>
    </Filter>
    <Filter Include="Resource Files">
      <UniqueIdentifier>{DEF8D273-96AC-499D-B5E6-2E08AD9A4B28}</UniqueIdentifier>
      <Extensions>rc;ico;cur;bmp;dlg;rc2;rct;bin;rgs;gif;jpg;jpeg;jpe;resx</Extensions>
    </Filter>
  </ItemGroup>
	<ItemGroup>
		<ClCompile Include="CacheStubs\cache_stubs.c">
			<Filter>Source Files</Filter>
		</ClCompile>
	</ItemGroup>

	<ItemGroup>
		<ClInclude Include="..\Include\Cache\rtr\rsslCacheDefs.h">
			<Filter>Header Files</Filter>
		</ClInclude>
		<ClInclude Include="..\Include\Cache\rtr\rsslCacheError.h">
			<Filter>Header Files</Filter>
		</ClInclude>
		<ClInclude Include="..\Include\Cache\rtr\rsslPayloadCache.h">
			<Filter>Header Files</Filter>
		</ClInclude>
		<ClInclude Include="..\Include\Cache\rtr\rsslPayloadCacheConfig.h">
			<Filter>Header Files</Filter>
		</ClInclude>
		<ClInclude Include="..\Include\Cache\rtr\rsslPayloadCursor.h">
			<Filter>Header Files</Filter>
		</ClInclude>
		<ClInclude Include="..\Include\Cache\rtr\rsslPayloadEntry.h">
			<Filter>Header Files</Filter>
		</ClInclude>
	</ItemGroup>

	<ItemGroup>
	</ItemGroup>

  <ItemGroup>
    <None Include="readme" />
  </ItemGroup>
</Project>
